{
  "nodes": {
    "nixpkgs": {
      "locked": {
        "lastModified": 1665863930,
        "narHash": "sha256-M2Ubg1BrcoC/3MQLRa7Adpi0/51NXXeHUjNQ7rtUGeY=",
        "type": "tarball",
        "url": "https://github.com/NixOS/nixpkgs/archive/611bf8f183e6360c2a215fa70dfd659943a9857f.tar.gz"
      },
      "original": {
        "type": "tarball",
        "url": "https://github.com/NixOS/nixpkgs/archive/611bf8f183e6360c2a215fa70dfd659943a9857f.tar.gz"
      }
    },
    "root": {
      "inputs": {
        "nixpkgs": "nixpkgs"
      }
    }
  },
  "root": "root",
  "version": 7
}
